PODS:
  - desktop_window (0.0.1):
    - FlutterMacOS
  - device_info_plus (0.0.1):
    - FlutterMacOS
  - Firebase/Analytics (10.15.0):
    - Firebase/Core
  - Firebase/Core (10.15.0):
    - Firebase/CoreOnly
    - FirebaseAnalytics (~> 10.15.0)
  - Firebase/CoreOnly (10.15.0):
    - FirebaseCore (= 10.15.0)
  - firebase_analytics (10.5.1):
    - Firebase/Analytics (= 10.15.0)
    - firebase_core
    - FlutterMacOS
  - firebase_core (2.17.0):
    - Firebase/CoreOnly (~> 10.15.0)
    - FlutterMacOS
  - FirebaseAnalytics (10.15.0):
    - FirebaseAnalytics/AdIdSupport (= 10.15.0)
    - FirebaseCore (~> 10.0)
    - FirebaseInstallations (~> 10.0)
    - GoogleUtilities/AppDelegateSwizzler (~> 7.11)
    - GoogleUtilities/MethodSwizzler (~> 7.11)
    - GoogleUtilities/Network (~> 7.11)
    - "GoogleUtilities/NSData+zlib (~> 7.11)"
    - nanopb (< 2.30910.0, >= 2.30908.0)
  - FirebaseAnalytics/AdIdSupport (10.15.0):
    - FirebaseCore (~> 10.0)
    - FirebaseInstallations (~> 10.0)
    - GoogleAppMeasurement (= 10.15.0)
    - GoogleUtilities/AppDelegateSwizzler (~> 7.11)
    - GoogleUtilities/MethodSwizzler (~> 7.11)
    - GoogleUtilities/Network (~> 7.11)
    - "GoogleUtilities/NSData+zlib (~> 7.11)"
    - nanopb (< 2.30910.0, >= 2.30908.0)
  - FirebaseCore (10.15.0):
    - FirebaseCoreInternal (~> 10.0)
    - GoogleUtilities/Environment (~> 7.8)
    - GoogleUtilities/Logger (~> 7.8)
  - FirebaseCoreInternal (10.16.0):
    - "GoogleUtilities/NSData+zlib (~> 7.8)"
  - FirebaseInstallations (10.16.0):
    - FirebaseCore (~> 10.0)
    - GoogleUtilities/Environment (~> 7.8)
    - GoogleUtilities/UserDefaults (~> 7.8)
    - PromisesObjC (~> 2.1)
  - flutter_libserialport (0.0.1):
    - FlutterMacOS
    - libserialport
  - FlutterMacOS (1.0.0)
  - GoogleAppMeasurement (10.15.0):
    - GoogleAppMeasurement/AdIdSupport (= 10.15.0)
    - GoogleUtilities/AppDelegateSwizzler (~> 7.11)
    - GoogleUtilities/MethodSwizzler (~> 7.11)
    - GoogleUtilities/Network (~> 7.11)
    - "GoogleUtilities/NSData+zlib (~> 7.11)"
    - nanopb (< 2.30910.0, >= 2.30908.0)
  - GoogleAppMeasurement/AdIdSupport (10.15.0):
    - GoogleAppMeasurement/WithoutAdIdSupport (= 10.15.0)
    - GoogleUtilities/AppDelegateSwizzler (~> 7.11)
    - GoogleUtilities/MethodSwizzler (~> 7.11)
    - GoogleUtilities/Network (~> 7.11)
    - "GoogleUtilities/NSData+zlib (~> 7.11)"
    - nanopb (< 2.30910.0, >= 2.30908.0)
  - GoogleAppMeasurement/WithoutAdIdSupport (10.15.0):
    - GoogleUtilities/AppDelegateSwizzler (~> 7.11)
    - GoogleUtilities/MethodSwizzler (~> 7.11)
    - GoogleUtilities/Network (~> 7.11)
    - "GoogleUtilities/NSData+zlib (~> 7.11)"
    - nanopb (< 2.30910.0, >= 2.30908.0)
  - GoogleUtilities/AppDelegateSwizzler (7.11.5):
    - GoogleUtilities/Environment
    - GoogleUtilities/Logger
    - GoogleUtilities/Network
  - GoogleUtilities/Environment (7.11.5):
    - PromisesObjC (< 3.0, >= 1.2)
  - GoogleUtilities/Logger (7.11.5):
    - GoogleUtilities/Environment
  - GoogleUtilities/MethodSwizzler (7.11.5):
    - GoogleUtilities/Logger
  - GoogleUtilities/Network (7.11.5):
    - GoogleUtilities/Logger
    - "GoogleUtilities/NSData+zlib"
    - GoogleUtilities/Reachability
  - "GoogleUtilities/NSData+zlib (7.11.5)"
  - GoogleUtilities/Reachability (7.11.5):
    - GoogleUtilities/Logger
  - GoogleUtilities/UserDefaults (7.11.5):
    - GoogleUtilities/Logger
  - libserialport (0.1.1)
  - mic_stream (0.5.2):
    - FlutterMacOS
  - nanopb (2.30909.0):
    - nanopb/decode (= 2.30909.0)
    - nanopb/encode (= 2.30909.0)
  - nanopb/decode (2.30909.0)
  - nanopb/encode (2.30909.0)
  - nativec (0.0.1):
    - FlutterMacOS
  - path_provider_foundation (0.0.1):
    - Flutter
    - FlutterMacOS
  - PromisesObjC (2.3.1)
  - shared_preferences_foundation (0.0.1):
    - Flutter
    - FlutterMacOS
  - winaudio (0.0.1):
    - FlutterMacOS

DEPENDENCIES:
  - desktop_window (from `Flutter/ephemeral/.symlinks/plugins/desktop_window/macos`)
  - device_info_plus (from `Flutter/ephemeral/.symlinks/plugins/device_info_plus/macos`)
  - firebase_analytics (from `Flutter/ephemeral/.symlinks/plugins/firebase_analytics/macos`)
  - firebase_core (from `Flutter/ephemeral/.symlinks/plugins/firebase_core/macos`)
  - flutter_libserialport (from `Flutter/ephemeral/.symlinks/plugins/flutter_libserialport/macos`)
  - FlutterMacOS (from `Flutter/ephemeral`)
  - mic_stream (from `Flutter/ephemeral/.symlinks/plugins/mic_stream/macos`)
  - nativec (from `Flutter/ephemeral/.symlinks/plugins/nativec/macos`)
  - path_provider_foundation (from `Flutter/ephemeral/.symlinks/plugins/path_provider_foundation/darwin`)
  - shared_preferences_foundation (from `Flutter/ephemeral/.symlinks/plugins/shared_preferences_foundation/darwin`)
  - winaudio (from `Flutter/ephemeral/.symlinks/plugins/winaudio/macos`)

SPEC REPOS:
  trunk:
    - Firebase
    - FirebaseAnalytics
    - FirebaseCore
    - FirebaseCoreInternal
    - FirebaseInstallations
    - GoogleAppMeasurement
    - GoogleUtilities
    - libserialport
    - nanopb
    - PromisesObjC

EXTERNAL SOURCES:
  desktop_window:
    :path: Flutter/ephemeral/.symlinks/plugins/desktop_window/macos
  device_info_plus:
    :path: Flutter/ephemeral/.symlinks/plugins/device_info_plus/macos
  firebase_analytics:
    :path: Flutter/ephemeral/.symlinks/plugins/firebase_analytics/macos
  firebase_core:
    :path: Flutter/ephemeral/.symlinks/plugins/firebase_core/macos
  flutter_libserialport:
    :path: Flutter/ephemeral/.symlinks/plugins/flutter_libserialport/macos
  FlutterMacOS:
    :path: Flutter/ephemeral
  mic_stream:
    :path: Flutter/ephemeral/.symlinks/plugins/mic_stream/macos
  nativec:
    :path: Flutter/ephemeral/.symlinks/plugins/nativec/macos
  path_provider_foundation:
    :path: Flutter/ephemeral/.symlinks/plugins/path_provider_foundation/darwin
  shared_preferences_foundation:
    :path: Flutter/ephemeral/.symlinks/plugins/shared_preferences_foundation/darwin
  winaudio:
    :path: Flutter/ephemeral/.symlinks/plugins/winaudio/macos

SPEC CHECKSUMS:
  desktop_window: fb7c4f12c1129f947ac482296b6f14059d57a3c3
  device_info_plus: 5401765fde0b8d062a2f8eb65510fb17e77cf07f
  Firebase: 66043bd4579e5b73811f96829c694c7af8d67435
  firebase_analytics: d6e3fd1c91552c01fa6faa084425be6bbd6e1f28
  firebase_core: 4d1711af1e10f9907f468e04f995c59f60bdc710
  FirebaseAnalytics: 47cef43728f81a839cf1306576bdd77ffa2eac7e
  FirebaseCore: 2cec518b43635f96afe7ac3a9c513e47558abd2e
  FirebaseCoreInternal: 26233f705cc4531236818a07ac84d20c333e505a
  FirebaseInstallations: b822f91a61f7d1ba763e5ccc9d4f2e6f2ed3b3ee
  flutter_libserialport: d1a505fd4b05785f7b50cc7c93b361937ea1c5bd
  FlutterMacOS: 8f6f14fa908a6fb3fba0cd85dbd81ec4b251fb24
  GoogleAppMeasurement: 722db6550d1e6d552b08398b69a975ac61039338
  GoogleUtilities: 13e2c67ede716b8741c7989e26893d151b2b2084
  libserialport: 1cb25e66ef3c92a8e59c2ea3820302c3fa2268cd
  mic_stream: c3bc8a10c5451a0f5ef75a54a75caf25a3d146c4
  nanopb: b552cce312b6c8484180ef47159bc0f65a1f0431
  nativec: 4a4aaad6ff1bd2392b75766ed9efbaf86ae021bc
  path_provider_foundation: 29f094ae23ebbca9d3d0cec13889cd9060c0e943
  PromisesObjC: c50d2056b5253dadbd6c2bea79b0674bd5a52fa4
  shared_preferences_foundation: 5b919d13b803cadd15ed2dc053125c68730e5126
  winaudio: 9cc338368f3fb0e75a4c972452f3636783945527

PODFILE CHECKSUM: d1144ea2691f847fdeeaa3ae22146c7f114a8278

COCOAPODS: 1.13.0
